
Microsoft Visual Studio Solution File, Format Version 12.00
# Visual Studio Version 16
VisualStudioVersion = 16.0.30523.141
MinimumVisualStudioVersion = 10.0.40219.1
Project("{9A19103F-16F7-4668-BE54-9A1E7A4F7556}") = "TrackerUI", "TrackerUI\TrackerUI.csproj", "{D4F31636-01AD-4A4C-BCF0-499D868E23A9}"
EndProject
Project("{9A19103F-16F7-4668-BE54-9A1E7A4F7556}") = "TrackerLibrary", "TrackerLibrary\TrackerLibrary.csproj", "{D0251620-F26C-48F3-A2C3-A75AB79C7572}"
EndProject
Global
	GlobalSection(SolutionConfigurationPlatforms) = preSolution
		Debug|Any CPU = Debug|Any CPU
		Debug|ARM = Debug|ARM
		Debug|ARM64 = Debug|ARM64
		Debug|x64 = Debug|x64
		Debug|x86 = Debug|x86
		Release|Any CPU = Release|Any CPU
		Release|ARM = Release|ARM
		Release|ARM64 = Release|ARM64
		Release|x64 = Release|x64
		Release|x86 = Release|x86
	EndGlobalSection
	GlobalSection(ProjectConfigurationPlatforms) = postSolution
		{D4F31636-01AD-4A4C-BCF0-499D868E23A9}.Debug|Any CPU.ActiveCfg = Debug|Any CPU
		{D4F31636-01AD-4A4C-BCF0-499D868E23A9}.Debug|Any CPU.Build.0 = Debug|Any CPU
		{D4F31636-01AD-4A4C-BCF0-499D868E23A9}.Debug|ARM.ActiveCfg = Debug|Any CPU
		{D4F31636-01AD-4A4C-BCF0-499D868E23A9}.Debug|ARM.Build.0 = Debug|Any CPU
		{D4F31636-01AD-4A4C-BCF0-499D868E23A9}.Debug|ARM64.ActiveCfg = Debug|Any CPU
		{D4F31636-01AD-4A4C-BCF0-499D868E23A9}.Debug|ARM64.Build.0 = Debug|Any CPU
		{D4F31636-01AD-4A4C-BCF0-499D868E23A9}.Debug|x64.ActiveCfg = Debug|Any CPU
		{D4F31636-01AD-4A4C-BCF0-499D868E23A9}.Debug|x64.Build.0 = Debug|Any CPU
		{D4F31636-01AD-4A4C-BCF0-499D868E23A9}.Debug|x86.ActiveCfg = Debug|Any CPU
		{D4F31636-01AD-4A4C-BCF0-499D868E23A9}.Debug|x86.Build.0 = Debug|Any CPU
		{D4F31636-01AD-4A4C-BCF0-499D868E23A9}.Release|Any CPU.ActiveCfg = Release|Any CPU
		{D4F31636-01AD-4A4C-BCF0-499D868E23A9}.Release|Any CPU.Build.0 = Release|Any CPU
		{D4F31636-01AD-4A4C-BCF0-499D868E23A9}.Release|ARM.ActiveCfg = Release|Any CPU
		{D4F31636-01AD-4A4C-BCF0-499D868E23A9}.Release|ARM.Build.0 = Release|Any CPU
		{D4F31636-01AD-4A4C-BCF0-499D868E23A9}.Release|ARM64.ActiveCfg = Release|Any CPU
		{D4F31636-01AD-4A4C-BCF0-499D868E23A9}.Release|ARM64.Build.0 = Release|Any CPU
		{D4F31636-01AD-4A4C-BCF0-499D868E23A9}.Release|x64.ActiveCfg = Release|Any CPU
		{D4F31636-01AD-4A4C-BCF0-499D868E23A9}.Release|x64.Build.0 = Release|Any CPU
		{D4F31636-01AD-4A4C-BCF0-499D868E23A9}.Release|x86.ActiveCfg = Release|Any CPU
		{D4F31636-01AD-4A4C-BCF0-499D868E23A9}.Release|x86.Build.0 = Release|Any CPU
		{D0251620-F26C-48F3-A2C3-A75AB79C7572}.Debug|Any CPU.ActiveCfg = Debug|Any CPU
		{D0251620-F26C-48F3-A2C3-A75AB79C7572}.Debug|Any CPU.Build.0 = Debug|Any CPU
		{D0251620-F26C-48F3-A2C3-A75AB79C7572}.Debug|ARM.ActiveCfg = Debug|Any CPU
		{D0251620-F26C-48F3-A2C3-A75AB79C7572}.Debug|ARM.Build.0 = Debug|Any CPU
		{D0251620-F26C-48F3-A2C3-A75AB79C7572}.Debug|ARM64.ActiveCfg = Debug|Any CPU
		{D0251620-F26C-48F3-A2C3-A75AB79C7572}.Debug|ARM64.Build.0 = Debug|Any CPU
		{D0251620-F26C-48F3-A2C3-A75AB79C7572}.Debug|x64.ActiveCfg = Debug|Any CPU
		{D0251620-F26C-48F3-A2C3-A75AB79C7572}.Debug|x64.Build.0 = Debug|Any CPU
		{D0251620-F26C-48F3-A2C3-A75AB79C7572}.Debug|x86.ActiveCfg = Debug|Any CPU
		{D0251620-F26C-48F3-A2C3-A75AB79C7572}.Debug|x86.Build.0 = Debug|Any CPU
		{D0251620-F26C-48F3-A2C3-A75AB79C7572}.Release|Any CPU.ActiveCfg = Release|Any CPU
		{D0251620-F26C-48F3-A2C3-A75AB79C7572}.Release|Any CPU.Build.0 = Release|Any CPU
		{D0251620-F26C-48F3-A2C3-A75AB79C7572}.Release|ARM.ActiveCfg = Release|Any CPU
		{D0251620-F26C-48F3-A2C3-A75AB79C7572}.Release|ARM.Build.0 = Release|Any CPU
		{D0251620-F26C-48F3-A2C3-A75AB79C7572}.Release|ARM64.ActiveCfg = Release|Any CPU
		{D0251620-F26C-48F3-A2C3-A75AB79C7572}.Release|ARM64.Build.0 = Release|Any CPU
		{D0251620-F26C-48F3-A2C3-A75AB79C7572}.Release|x64.ActiveCfg = Release|Any CPU
		{D0251620-F26C-48F3-A2C3-A75AB79C7572}.Release|x64.Build.0 = Release|Any CPU
		{D0251620-F26C-48F3-A2C3-A75AB79C7572}.Release|x86.ActiveCfg = Release|Any CPU
		{D0251620-F26C-48F3-A2C3-A75AB79C7572}.Release|x86.Build.0 = Release|Any CPU
	EndGlobalSection
	GlobalSection(SolutionProperties) = preSolution
		HideSolutionNode = FALSE
	EndGlobalSection
	GlobalSection(ExtensibilityGlobals) = postSolution
		SolutionGuid = {8A9E714F-BA5B-4525-B27B-32B7C2CC6014}
	EndGlobalSection
EndGlobal
